# This file is automatically @generated by Cargo.
# It is not intended for manual editing.
[[package]]
name = "cc"
version = "1.0.67"
source = "registry+https://github.com/rust-lang/crates.io-index"
checksum = "e3c69b077ad434294d3ce9f1f6143a2a4b89a8a2d54ef813d85003a4fd1137fd"

[[package]]
name = "luajit-src"
version = "210.1.3+restyfe08842"
source = "registry+https://github.com/rust-lang/crates.io-index"
checksum = "36d3de8377d8e0492b646527befb7eb826a9ecd2dc8c1f81ab0e654bc03a029b"
dependencies = [
 "cc",
]

[[package]]
name = "luajit_test"
version = "0.1.0"
dependencies = [
 "luajit-src",
]
